
Microsoft Visual Studio Solution File, Format Version 12.00
# Visual Studio Version 16
VisualStudioVersion = 16.0.31729.503
MinimumVisualStudioVersion = 10.0.40219.1
Project("{FAE04EC0-301F-11D3-BF4B-00C04F79EFBC}") = "CA211018_3", "CA211018_3\CA211018_3.csproj", "{D50B2229-D279-459A-8676-E3D483F9ED39}"
EndProject
Global
	GlobalSection(SolutionConfigurationPlatforms) = preSolution
		Debug|Any CPU = Debug|Any CPU
		Release|Any CPU = Release|Any CPU
	EndGlobalSection
	GlobalSection(ProjectConfigurationPlatforms) = postSolution
		{D50B2229-D279-459A-8676-E3D483F9ED39}.Debug|Any CPU.ActiveCfg = Debug|Any CPU
		{D50B2229-D279-459A-8676-E3D483F9ED39}.Debug|Any CPU.Build.0 = Debug|Any CPU
		{D50B2229-D279-459A-8676-E3D483F9ED39}.Release|Any CPU.ActiveCfg = Release|Any CPU
		{D50B2229-D279-459A-8676-E3D483F9ED39}.Release|Any CPU.Build.0 = Release|Any CPU
	EndGlobalSection
	GlobalSection(SolutionProperties) = preSolution
		HideSolutionNode = FALSE
	EndGlobalSection
	GlobalSection(ExtensibilityGlobals) = postSolution
		SolutionGuid = {0599027B-EA2D-477E-AD18-910F519EDB90}
	EndGlobalSection
EndGlobal
